{
  "name": "deck-cards",
  "version": "1.0.1",
  "lockfileVersion": 1,
  "requires": true,
  "dependencies": {
    "ez-read": {
      "version": "1.0.8",
      "resolved": "https://registry.npmjs.org/ez-read/-/ez-read-1.0.8.tgz",
      "integrity": "sha512-H6SN9Mu2oSaiZDHHP34Dsctt4iUki5AxmzyXPqX4u0SuLSNJyYSsCQPWXeFdEvkZk3Mnx9IGISPYUp4ATANoIg=="
    },
    "lodash.toarray": {
      "version": "4.4.0",
      "resolved": "https://registry.npmjs.org/lodash.toarray/-/lodash.toarray-4.4.0.tgz",
      "integrity": "sha1-JMS/zWsvuji/0FlNsRedjptlZWE="
    },
    "node-emoji": {
      "version": "1.10.0",
      "resolved": "https://registry.npmjs.org/node-emoji/-/node-emoji-1.10.0.tgz",
      "integrity": "sha512-Yt3384If5H6BYGVHiHwTL+99OzJKHhgp82S8/dktEK73T26BazdgZ4JZh92xSVtGNJvz9UbXdNAc5hcrXV42vw==",
      "requires": {
        "lodash.toarray": "^4.4.0"
      }
    }
  }
}
